
Microsoft Visual Studio Solution File, Format Version 12.00
# Visual Studio Version 16
VisualStudioVersion = 16.0.31424.327
MinimumVisualStudioVersion = 10.0.40219.1
Project("{9A19103F-16F7-4668-BE54-9A1E7A4F7556}") = "BikeRouteService", "BikeRouteService\BikeRouteService.csproj", "{18398452-80B6-49B7-8025-B4AE5E3964B7}"
EndProject
Project("{9A19103F-16F7-4668-BE54-9A1E7A4F7556}") = "Core.Common", "Core.Common\Core.Common.csproj", "{4FB6F509-C68B-46BF-8164-19459371A80A}"
EndProject
Project("{FAE04EC0-301F-11D3-BF4B-00C04F79EFBC}") = "MongoClientTest", "MongoClientTest\MongoClientTest.csproj", "{463250DF-C37F-441E-A774-FD96844684D8}"
EndProject
Global
	GlobalSection(SolutionConfigurationPlatforms) = preSolution
		Debug|Any CPU = Debug|Any CPU
		Release|Any CPU = Release|Any CPU
	EndGlobalSection
	GlobalSection(ProjectConfigurationPlatforms) = postSolution
		{18398452-80B6-49B7-8025-B4AE5E3964B7}.Debug|Any CPU.ActiveCfg = Debug|Any CPU
		{18398452-80B6-49B7-8025-B4AE5E3964B7}.Debug|Any CPU.Build.0 = Debug|Any CPU
		{18398452-80B6-49B7-8025-B4AE5E3964B7}.Release|Any CPU.ActiveCfg = Release|Any CPU
		{18398452-80B6-49B7-8025-B4AE5E3964B7}.Release|Any CPU.Build.0 = Release|Any CPU
		{4FB6F509-C68B-46BF-8164-19459371A80A}.Debug|Any CPU.ActiveCfg = Debug|Any CPU
		{4FB6F509-C68B-46BF-8164-19459371A80A}.Debug|Any CPU.Build.0 = Debug|Any CPU
		{4FB6F509-C68B-46BF-8164-19459371A80A}.Release|Any CPU.ActiveCfg = Release|Any CPU
		{4FB6F509-C68B-46BF-8164-19459371A80A}.Release|Any CPU.Build.0 = Release|Any CPU
		{463250DF-C37F-441E-A774-FD96844684D8}.Debug|Any CPU.ActiveCfg = Debug|Any CPU
		{463250DF-C37F-441E-A774-FD96844684D8}.Debug|Any CPU.Build.0 = Debug|Any CPU
		{463250DF-C37F-441E-A774-FD96844684D8}.Release|Any CPU.ActiveCfg = Release|Any CPU
		{463250DF-C37F-441E-A774-FD96844684D8}.Release|Any CPU.Build.0 = Release|Any CPU
	EndGlobalSection
	GlobalSection(SolutionProperties) = preSolution
		HideSolutionNode = FALSE
	EndGlobalSection
	GlobalSection(ExtensibilityGlobals) = postSolution
		SolutionGuid = {15B9B7B3-8615-4F69-83FD-042B6CF72E1B}
	EndGlobalSection
EndGlobal
